// !$*UTF8*$!
{
	archiveVersion = 1;
	classes = {
	};
	objectVersion = 48;
	objects = {

/* Begin PBXBuildFile section */
		845E4327E8B552EC1D339A8A /* Pods_Gbooks.framework in Frameworks */ = {isa = PBXBuildFile; fileRef = 3419D53CB6670DF2EF7C86ED /* Pods_Gbooks.framework */; };
		A8674C941FC402B800088546 /* AppDelegate.swift in Sources */ = {isa = PBXBuildFile; fileRef = A8674C931FC402B800088546 /* AppDelegate.swift */; };
		A8674C961FC402B800088546 /* ViewController.swift in Sources */ = {isa = PBXBuildFile; fileRef = A8674C951FC402B800088546 /* ViewController.swift */; };
		A8674C991FC402B800088546 /* Main.storyboard in Resources */ = {isa = PBXBuildFile; fileRef = A8674C971FC402B800088546 /* Main.storyboard */; };
		A8674C9B1FC402B800088546 /* Assets.xcassets in Resources */ = {isa = PBXBuildFile; fileRef = A8674C9A1FC402B800088546 /* Assets.xcassets */; };
		A8674C9E1FC402B800088546 /* LaunchScreen.storyboard in Resources */ = {isa = PBXBuildFile; fileRef = A8674C9C1FC402B800088546 /* LaunchScreen.storyboard */; };
		A889A4701FC4258100BC1D97 /* Authorization.swift in Sources */ = {isa = PBXBuildFile; fileRef = A889A46F1FC4258100BC1D97 /* Authorization.swift */; };
/* End PBXBuildFile section */

/* Begin PBXFileReference section */
		1907F7DF8F2BD6A9A6E1DE77 /* Pods-Gbooks.debug.xcconfig */ = {isa = PBXFileReference; includeInIndex = 1; lastKnownFileType = text.xcconfig; name = "Pods-Gbooks.debug.xcconfig"; path = "Pods/Target Support Files/Pods-Gbooks/Pods-Gbooks.debug.xcconfig"; sourceTree = "<group>"; };
		3419D53CB6670DF2EF7C86ED /* Pods_Gbooks.framework */ = {isa = PBXFileReference; explicitFileType = wrapper.framework; includeInIndex = 0; path = Pods_Gbooks.framework; sourceTree = BUILT_PRODUCTS_DIR; };
		A8674C901FC402B800088546 /* Gbooks.app */ = {isa = PBXFileReference; explicitFileType = wrapper.application; includeInIndex = 0; path = Gbooks.app; sourceTree = BUILT_PRODUCTS_DIR; };
		A8674C931FC402B800088546 /* AppDelegate.swift */ = {isa = PBXFileReference; lastKnownFileType = sourcecode.swift; path = AppDelegate.swift; sourceTree = "<group>"; };
		A8674C951FC402B800088546 /* ViewController.swift */ = {isa = PBXFileReference; lastKnownFileType = sourcecode.swift; path = ViewController.swift; sourceTree = "<group>"; };
		A8674C981FC402B800088546 /* Base */ = {isa = PBXFileReference; lastKnownFileType = file.storyboard; name = Base; path = Base.lproj/Main.storyboard; sourceTree = "<group>"; };
		A8674C9A1FC402B800088546 /* Assets.xcassets */ = {isa = PBXFileReference; lastKnownFileType = folder.assetcatalog; path = Assets.xcassets; sourceTree = "<group>"; };
		A8674C9D1FC402B800088546 /* Base */ = {isa = PBXFileReference; lastKnownFileType = file.storyboard; name = Base; path = Base.lproj/LaunchScreen.storyboard; sourceTree = "<group>"; };
		A8674C9F1FC402B800088546 /* Info.plist */ = {isa = PBXFileReference; lastKnownFileType = text.plist.xml; path = Info.plist; sourceTree = "<group>"; };
		A889A46F1FC4258100BC1D97 /* Authorization.swift */ = {isa = PBXFileReference; lastKnownFileType = sourcecode.swift; name = Authorization.swift; path = NetworkLayer/Authorization.swift; sourceTree = "<group>"; };
		FF33B2C9D2D15250EF2A18EE /* Pods-Gbooks.release.xcconfig */ = {isa = PBXFileReference; includeInIndex = 1; lastKnownFileType = text.xcconfig; name = "Pods-Gbooks.release.xcconfig"; path = "Pods/Target Support Files/Pods-Gbooks/Pods-Gbooks.release.xcconfig"; sourceTree = "<group>"; };
/* End PBXFileReference section */

/* Begin PBXFrameworksBuildPhase section */
		A8674C8D1FC402B800088546 /* Frameworks */ = {
			isa = PBXFrameworksBuildPhase;
			buildActionMask = 2147483647;
			files = (
				845E4327E8B552EC1D339A8A /* Pods_Gbooks.framework in Frameworks */,
			);
			runOnlyForDeploymentPostprocessing = 0;
		};
/* End PBXFrameworksBuildPhase section */

/* Begin PBXGroup section */
		553036C15ABEB45B1E7FDDA3 /* Frameworks */ = {
			isa = PBXGroup;
			children = (
				3419D53CB6670DF2EF7C86ED /* Pods_Gbooks.framework */,
			);
			name = Frameworks;
			sourceTree = "<group>";
		};
		8131BF69A703F90E533B789A /* Pods */ = {
			isa = PBXGroup;
			children = (
				1907F7DF8F2BD6A9A6E1DE77 /* Pods-Gbooks.debug.xcconfig */,
				FF33B2C9D2D15250EF2A18EE /* Pods-Gbooks.release.xcconfig */,
			);
			name = Pods;
			sourceTree = "<group>";
		};
		A8674C871FC402B800088546 = {
			isa = PBXGroup;
			children = (
				A8674C921FC402B800088546 /* Gbooks */,
				A8674C911FC402B800088546 /* Products */,
				8131BF69A703F90E533B789A /* Pods */,
				553036C15ABEB45B1E7FDDA3 /* Frameworks */,
			);
			sourceTree = "<group>";
		};
		A8674C911FC402B800088546 /* Products */ = {
			isa = PBXGroup;
			children = (
				A8674C901FC402B800088546 /* Gbooks.app */,
			);
			name = Products;
			sourceTree = "<group>";
		};
		A8674C921FC402B800088546 /* Gbooks */ = {
			isa = PBXGroup;
			children = (
				A8674C931FC402B800088546 /* AppDelegate.swift */,
				A8674C951FC402B800088546 /* ViewController.swift */,
				A889A46F1FC4258100BC1D97 /* Authorization.swift */,
				A8674C971FC402B800088546 /* Main.storyboard */,
				A8674C9A1FC402B800088546 /* Assets.xcassets */,
				A8674C9C1FC402B800088546 /* LaunchScreen.storyboard */,
				A8674C9F1FC402B800088546 /* Info.plist */,
			);
			path = Gbooks;
			sourceTree = "<group>";
		};
/* End PBXGroup section */

/* Begin PBXNativeTarget section */
		A8674C8F1FC402B800088546 /* Gbooks */ = {
			isa = PBXNativeTarget;
			buildConfigurationList = A8674CA21FC402B800088546 /* Build configuration list for PBXNativeTarget "Gbooks" */;
			buildPhases = (
				467EDA62E9A3A86EC97988D5 /* [CP] Check Pods Manifest.lock */,
				A8674C8C1FC402B800088546 /* Sources */,
				A8674C8D1FC402B800088546 /* Frameworks */,
				A8674C8E1FC402B800088546 /* Resources */,
				1765F9F39B0ECA68F67C939E /* [CP] Embed Pods Frameworks */,
				3B1C51C7F9645A06EA685917 /* [CP] Copy Pods Resources */,
			);
			buildRules = (
			);
			dependencies = (
			);
			name = Gbooks;
			productName = Gbooks;
			productReference = A8674C901FC402B800088546 /* Gbooks.app */;
			productType = "com.apple.product-type.application";
		};
/* End PBXNativeTarget section */

/* Begin PBXProject section */
		A8674C881FC402B800088546 /* Project object */ = {
			isa = PBXProject;
			attributes = {
				LastSwiftUpdateCheck = 0900;
				LastUpgradeCheck = 0900;
				ORGANIZATIONNAME = "Alexandr Ovchinnikov";
				TargetAttributes = {
					A8674C8F1FC402B800088546 = {
						CreatedOnToolsVersion = 9.0;
						ProvisioningStyle = Automatic;
					};
				};
			};
			buildConfigurationList = A8674C8B1FC402B800088546 /* Build configuration list for PBXProject "Gbooks" */;
			compatibilityVersion = "Xcode 8.0";
			developmentRegion = en;
			hasScannedForEncodings = 0;
			knownRegions = (
				en,
				Base,
			);
			mainGroup = A8674C871FC402B800088546;
			productRefGroup = A8674C911FC402B800088546 /* Products */;
			projectDirPath = "";
			projectRoot = "";
			targets = (
				A8674C8F1FC402B800088546 /* Gbooks */,
			);
		};
/* End PBXProject section */

/* Begin PBXResourcesBuildPhase section */
		A8674C8E1FC402B800088546 /* Resources */ = {
			isa = PBXResourcesBuildPhase;
			buildActionMask = 2147483647;
			files = (
				A8674C9E1FC402B800088546 /* LaunchScreen.storyboard in Resources */,
				A8674C9B1FC402B800088546 /* Assets.xcassets in Resources */,
				A8674C991FC402B800088546 /* Main.storyboard in Resources */,
			);
			runOnlyForDeploymentPostprocessing = 0;
		};
/* End PBXResourcesBuildPhase section */

/* Begin PBXShellScriptBuildPhase section */
		1765F9F39B0ECA68F67C939E /* [CP] Embed Pods Frameworks */ = {
			isa = PBXShellScriptBuildPhase;
			buildActionMask = 2147483647;
			files = (
			);
			inputPaths = (
				"${SRCROOT}/Pods/Target Support Files/Pods-Gbooks/Pods-Gbooks-frameworks.sh",
				"${BUILT_PRODUCTS_DIR}/Alamofire/Alamofire.framework",
				"${BUILT_PRODUCTS_DIR}/OAuthSwift/OAuthSwift.framework",
				"${BUILT_PRODUCTS_DIR}/SwiftyJSON/SwiftyJSON.framework",
			);
			name = "[CP] Embed Pods Frameworks";
			outputPaths = (
				"${TARGET_BUILD_DIR}/${FRAMEWORKS_FOLDER_PATH}/Alamofire.framework",
				"${TARGET_BUILD_DIR}/${FRAMEWORKS_FOLDER_PATH}/OAuthSwift.framework",
				"${TARGET_BUILD_DIR}/${FRAMEWORKS_FOLDER_PATH}/SwiftyJSON.framework",
			);
			runOnlyForDeploymentPostprocessing = 0;
			shellPath = /bin/sh;
			shellScript = "\"${SRCROOT}/Pods/Target Support Files/Pods-Gbooks/Pods-Gbooks-frameworks.sh\"\n";
			showEnvVarsInLog = 0;
		};
		3B1C51C7F9645A06EA685917 /* [CP] Copy Pods Resources */ = {
			isa = PBXShellScriptBuildPhase;
			buildActionMask = 2147483647;
			files = (
			);
			inputPaths = (
			);
			name = "[CP] Copy Pods Resources";
			outputPaths = (
			);
			runOnlyForDeploymentPostprocessing = 0;
			shellPath = /bin/sh;
			shellScript = "\"${SRCROOT}/Pods/Target Support Files/Pods-Gbooks/Pods-Gbooks-resources.sh\"\n";
			showEnvVarsInLog = 0;
		};
		467EDA62E9A3A86EC97988D5 /* [CP] Check Pods Manifest.lock */ = {
			isa = PBXShellScriptBuildPhase;
			buildActionMask = 2147483647;
			files = (
			);
			inputPaths = (
				"${PODS_PODFILE_DIR_PATH}/Podfile.lock",
				"${PODS_ROOT}/Manifest.lock",
			);
			name = "[CP] Check Pods Manifest.lock";
			outputPaths = (
				"$(DERIVED_FILE_DIR)/Pods-Gbooks-checkManifestLockResult.txt",
			);
			runOnlyForDeploymentPostprocessing = 0;
			shellPath = /bin/sh;
			shellScript = "diff \"${PODS_PODFILE_DIR_PATH}/Podfile.lock\" \"${PODS_ROOT}/Manifest.lock\" > /dev/null\nif [ $? != 0 ] ; then\n    # print error to STDERR\n    echo \"error: The sandbox is not in sync with the Podfile.lock. Run 'pod install' or update your CocoaPods installation.\" >&2\n    exit 1\nfi\n# This output is used by Xcode 'outputs' to avoid re-running this script phase.\necho \"SUCCESS\" > \"${SCRIPT_OUTPUT_FILE_0}\"\n";
			showEnvVarsInLog = 0;
		};
/* End PBXShellScriptBuildPhase section */

/* Begin PBXSourcesBuildPhase section */
		A8674C8C1FC402B800088546 /* Sources */ = {
			isa = PBXSourcesBuildPhase;
			buildActionMask = 2147483647;
			files = (
				A889A4701FC4258100BC1D97 /* Authorization.swift in Sources */,
				A8674C961FC402B800088546 /* ViewController.swift in Sources */,
				A8674C941FC402B800088546 /* AppDelegate.swift in Sources */,
			);
			runOnlyForDeploymentPostprocessing = 0;
		};
/* End PBXSourcesBuildPhase section */

/* Begin PBXVariantGroup section */
		A8674C971FC402B800088546 /* Main.storyboard */ = {
			isa = PBXVariantGroup;
			children = (
				A8674C981FC402B800088546 /* Base */,
			);
			name = Main.storyboard;
			sourceTree = "<group>";
		};
		A8674C9C1FC402B800088546 /* LaunchScreen.storyboard */ = {
			isa = PBXVariantGroup;
			children = (
				A8674C9D1FC402B800088546 /* Base */,
			);
			name = LaunchScreen.storyboard;
			sourceTree = "<group>";
		};
/* End PBXVariantGroup section */

/* Begin XCBuildConfiguration section */
		A8674CA01FC402B800088546 /* Debug */ = {
			isa = XCBuildConfiguration;
			buildSettings = {
				ALWAYS_SEARCH_USER_PATHS = NO;
				CLANG_ANALYZER_NONNULL = YES;
				CLANG_ANALYZER_NUMBER_OBJECT_CONVERSION = YES_AGGRESSIVE;
				CLANG_CXX_LANGUAGE_STANDARD = "gnu++14";
				CLANG_CXX_LIBRARY = "libc++";
				CLANG_ENABLE_MODULES = YES;
				CLANG_ENABLE_OBJC_ARC = YES;
				CLANG_WARN_BLOCK_CAPTURE_AUTORELEASING = YES;
				CLANG_WARN_BOOL_CONVERSION = YES;
				CLANG_WARN_COMMA = YES;
				CLANG_WARN_CONSTANT_CONVERSION = YES;
				CLANG_WARN_DIRECT_OBJC_ISA_USAGE = YES_ERROR;
				CLANG_WARN_DOCUMENTATION_COMMENTS = YES;
				CLANG_WARN_EMPTY_BODY = YES;
				CLANG_WARN_ENUM_CONVERSION = YES;
				CLANG_WARN_INFINITE_RECURSION = YES;
				CLANG_WARN_INT_CONVERSION = YES;
				CLANG_WARN_NON_LITERAL_NULL_CONVERSION = YES;
				CLANG_WARN_OBJC_LITERAL_CONVERSION = YES;
				CLANG_WARN_OBJC_ROOT_CLASS = YES_ERROR;
				CLANG_WARN_RANGE_LOOP_ANALYSIS = YES;
				CLANG_WARN_STRICT_PROTOTYPES = YES;
				CLANG_WARN_SUSPICIOUS_MOVE = YES;
				CLANG_WARN_UNGUARDED_AVAILABILITY = YES_AGGRESSIVE;
				CLANG_WARN_UNREACHABLE_CODE = YES;
				CLANG_WARN__DUPLICATE_METHOD_MATCH = YES;
				CODE_SIGN_IDENTITY = "iPhone Developer";
				COPY_PHASE_STRIP = NO;
				DEBUG_INFORMATION_FORMAT = dwarf;
				ENABLE_STRICT_OBJC_MSGSEND = YES;
				ENABLE_TESTABILITY = YES;
				GCC_C_LANGUAGE_STANDARD = gnu11;
				GCC_DYNAMIC_NO_PIC = NO;
				GCC_NO_COMMON_BLOCKS = YES;
				GCC_OPTIMIZATION_LEVEL = 0;
				GCC_PREPROCESSOR_DEFINITIONS = (
					"DEBUG=1",
					"$(inherited)",
				);
				GCC_WARN_64_TO_32_BIT_CONVERSION = YES;
				GCC_WARN_ABOUT_RETURN_TYPE = YES_ERROR;
				GCC_WARN_UNDECLARED_SELECTOR = YES;
				GCC_WARN_UNINITIALIZED_AUTOS = YES_AGGRESSIVE;
				GCC_WARN_UNUSED_FUNCTION = YES;
				GCC_WARN_UNUSED_VARIABLE = YES;
				IPHONEOS_DEPLOYMENT_TARGET = 11.0;
				MTL_ENABLE_DEBUG_INFO = YES;
				ONLY_ACTIVE_ARCH = YES;
				SDKROOT = iphoneos;
				SWIFT_ACTIVE_COMPILATION_CONDITIONS = DEBUG;
				SWIFT_OPTIMIZATION_LEVEL = "-Onone";
			};
			name = Debug;
		};
		A8674CA11FC402B800088546 /* Release */ = {
			isa = XCBuildConfiguration;
			buildSettings = {
				ALWAYS_SEARCH_USER_PATHS = NO;
				CLANG_ANALYZER_NONNULL = YES;
				CLANG_ANALYZER_NUMBER_OBJECT_CONVERSION = YES_AGGRESSIVE;
				CLANG_CXX_LANGUAGE_STANDARD = "gnu++14";
				CLANG_CXX_LIBRARY = "libc++";
				CLANG_ENABLE_MODULES = YES;
				CLANG_ENABLE_OBJC_ARC = YES;
				CLANG_WARN_BLOCK_CAPTURE_AUTORELEASING = YES;
				CLANG_WARN_BOOL_CONVERSION = YES;
				CLANG_WARN_COMMA = YES;
				CLANG_WARN_CONSTANT_CONVERSION = YES;
				CLANG_WARN_DIRECT_OBJC_ISA_USAGE = YES_ERROR;
				CLANG_WARN_DOCUMENTATION_COMMENTS = YES;
				CLANG_WARN_EMPTY_BODY = YES;
				CLANG_WARN_ENUM_CONVERSION = YES;
				CLANG_WARN_INFINITE_RECURSION = YES;
				CLANG_WARN_INT_CONVERSION = YES;
				CLANG_WARN_NON_LITERAL_NULL_CONVERSION = YES;
				CLANG_WARN_OBJC_LITERAL_CONVERSION = YES;
				CLANG_WARN_OBJC_ROOT_CLASS = YES_ERROR;
				CLANG_WARN_RANGE_LOOP_ANALYSIS = YES;
				CLANG_WARN_STRICT_PROTOTYPES = YES;
				CLANG_WARN_SUSPICIOUS_MOVE = YES;
				CLANG_WARN_UNGUARDED_AVAILABILITY = YES_AGGRESSIVE;
				CLANG_WARN_UNREACHABLE_CODE = YES;
				CLANG_WARN__DUPLICATE_METHOD_MATCH = YES;
				CODE_SIGN_IDENTITY = "iPhone Developer";
				COPY_PHASE_STRIP = NO;
				DEBUG_INFORMATION_FORMAT = "dwarf-with-dsym";
				ENABLE_NS_ASSERTIONS = NO;
				ENABLE_STRICT_OBJC_MSGSEND = YES;
				GCC_C_LANGUAGE_STANDARD = gnu11;
				GCC_NO_COMMON_BLOCKS = YES;
				GCC_WARN_64_TO_32_BIT_CONVERSION = YES;
				GCC_WARN_ABOUT_RETURN_TYPE = YES_ERROR;
				GCC_WARN_UNDECLARED_SELECTOR = YES;
				GCC_WARN_UNINITIALIZED_AUTOS = YES_AGGRESSIVE;
				GCC_WARN_UNUSED_FUNCTION = YES;
				GCC_WARN_UNUSED_VARIABLE = YES;
				IPHONEOS_DEPLOYMENT_TARGET = 11.0;
				MTL_ENABLE_DEBUG_INFO = NO;
				SDKROOT = iphoneos;
				SWIFT_OPTIMIZATION_LEVEL = "-Owholemodule";
				VALIDATE_PRODUCT = YES;
			};
			name = Release;
		};
		A8674CA31FC402B800088546 /* Debug */ = {
			isa = XCBuildConfiguration;
			baseConfigurationReference = 1907F7DF8F2BD6A9A6E1DE77 /* Pods-Gbooks.debug.xcconfig */;
			buildSettings = {
				ASSETCATALOG_COMPILER_APPICON_NAME = AppIcon;
				CODE_SIGN_STYLE = Automatic;
				INFOPLIST_FILE = Gbooks/Info.plist;
				LD_RUNPATH_SEARCH_PATHS = "$(inherited) @executable_path/Frameworks";
				PRODUCT_BUNDLE_IDENTIFIER = ovchinnikov.Gbooks;
				PRODUCT_NAME = "$(TARGET_NAME)";
				SWIFT_VERSION = 4.0;
				TARGETED_DEVICE_FAMILY = "1,2";
			};
			name = Debug;
		};
		A8674CA41FC402B800088546 /* Release */ = {
			isa = XCBuildConfiguration;
			baseConfigurationReference = FF33B2C9D2D15250EF2A18EE /* Pods-Gbooks.release.xcconfig */;
			buildSettings = {
				ASSETCATALOG_COMPILER_APPICON_NAME = AppIcon;
				CODE_SIGN_STYLE = Automatic;
				INFOPLIST_FILE = Gbooks/Info.plist;
				LD_RUNPATH_SEARCH_PATHS = "$(inherited) @executable_path/Frameworks";
				PRODUCT_BUNDLE_IDENTIFIER = ovchinnikov.Gbooks;
				PRODUCT_NAME = "$(TARGET_NAME)";
				SWIFT_VERSION = 4.0;
				TARGETED_DEVICE_FAMILY = "1,2";
			};
			name = Release;
		};
/* End XCBuildConfiguration section */

/* Begin XCConfigurationList section */
		A8674C8B1FC402B800088546 /* Build configuration list for PBXProject "Gbooks" */ = {
			isa = XCConfigurationList;
			buildConfigurations = (
				A8674CA01FC402B800088546 /* Debug */,
				A8674CA11FC402B800088546 /* Release */,
			);
			defaultConfigurationIsVisible = 0;
			defaultConfigurationName = Release;
		};
		A8674CA21FC402B800088546 /* Build configuration list for PBXNativeTarget "Gbooks" */ = {
			isa = XCConfigurationList;
			buildConfigurations = (
				A8674CA31FC402B800088546 /* Debug */,
				A8674CA41FC402B800088546 /* Release */,
			);
			defaultConfigurationIsVisible = 0;
			defaultConfigurationName = Release;
		};
/* End XCConfigurationList section */
	};
	rootObject = A8674C881FC402B800088546 /* Project object */;
}
